// !$*UTF8*$!
{
	archiveVersion = 1;
	classes = {
	};
	objectVersion = 46;
	objects = {

/* Begin PBXBuildFile section */
		6F3952981D4731AB003BDB03 /* AppDelegate.swift in Sources */ = {isa = PBXBuildFile; fileRef = 6F3952971D4731AB003BDB03 /* AppDelegate.swift */; };
		6F39529A1D4731AB003BDB03 /* ViewController.swift in Sources */ = {isa = PBXBuildFile; fileRef = 6F3952991D4731AB003BDB03 /* ViewController.swift */; };
		6F39529D1D4731AB003BDB03 /* Main.storyboard in Resources */ = {isa = PBXBuildFile; fileRef = 6F39529B1D4731AB003BDB03 /* Main.storyboard */; };
		6F39529F1D4731AB003BDB03 /* Assets.xcassets in Resources */ = {isa = PBXBuildFile; fileRef = 6F39529E1D4731AB003BDB03 /* Assets.xcassets */; };
		6F3952A21D4731AB003BDB03 /* LaunchScreen.storyboard in Resources */ = {isa = PBXBuildFile; fileRef = 6F3952A01D4731AB003BDB03 /* LaunchScreen.storyboard */; };
		6F3952AA1D4732EE003BDB03 /* TutorialPageViewController.swift in Sources */ = {isa = PBXBuildFile; fileRef = 6F3952A91D4732EE003BDB03 /* TutorialPageViewController.swift */; };
		6F3952D21D47666A003BDB03 /* PageControl.swift in Sources */ = {isa = PBXBuildFile; fileRef = 6F3952D11D47666A003BDB03 /* PageControl.swift */; };
/* End PBXBuildFile section */

/* Begin PBXFileReference section */
		6F3952941D4731AB003BDB03 /* Yumo.app */ = {isa = PBXFileReference; explicitFileType = wrapper.application; includeInIndex = 0; path = Yumo.app; sourceTree = BUILT_PRODUCTS_DIR; };
		6F3952971D4731AB003BDB03 /* AppDelegate.swift */ = {isa = PBXFileReference; lastKnownFileType = sourcecode.swift; path = AppDelegate.swift; sourceTree = "<group>"; };
		6F3952991D4731AB003BDB03 /* ViewController.swift */ = {isa = PBXFileReference; lastKnownFileType = sourcecode.swift; path = ViewController.swift; sourceTree = "<group>"; };
		6F39529C1D4731AB003BDB03 /* Base */ = {isa = PBXFileReference; lastKnownFileType = file.storyboard; name = Base; path = Base.lproj/Main.storyboard; sourceTree = "<group>"; };
		6F39529E1D4731AB003BDB03 /* Assets.xcassets */ = {isa = PBXFileReference; lastKnownFileType = folder.assetcatalog; path = Assets.xcassets; sourceTree = "<group>"; };
		6F3952A11D4731AB003BDB03 /* Base */ = {isa = PBXFileReference; lastKnownFileType = file.storyboard; name = Base; path = Base.lproj/LaunchScreen.storyboard; sourceTree = "<group>"; };
		6F3952A31D4731AB003BDB03 /* Info.plist */ = {isa = PBXFileReference; lastKnownFileType = text.plist.xml; path = Info.plist; sourceTree = "<group>"; };
		6F3952A91D4732EE003BDB03 /* TutorialPageViewController.swift */ = {isa = PBXFileReference; fileEncoding = 4; lastKnownFileType = sourcecode.swift; path = TutorialPageViewController.swift; sourceTree = "<group>"; };
		6F3952D11D47666A003BDB03 /* PageControl.swift */ = {isa = PBXFileReference; fileEncoding = 4; lastKnownFileType = sourcecode.swift; path = PageControl.swift; sourceTree = "<group>"; };
/* End PBXFileReference section */

/* Begin PBXFrameworksBuildPhase section */
		6F3952911D4731AA003BDB03 /* Frameworks */ = {
			isa = PBXFrameworksBuildPhase;
			buildActionMask = 2147483647;
			files = (
			);
			runOnlyForDeploymentPostprocessing = 0;
		};
/* End PBXFrameworksBuildPhase section */

/* Begin PBXGroup section */
		6F39528B1D4731AA003BDB03 = {
			isa = PBXGroup;
			children = (
				6F3952961D4731AB003BDB03 /* Yumo */,
				6F3952951D4731AB003BDB03 /* Products */,
			);
			sourceTree = "<group>";
		};
		6F3952951D4731AB003BDB03 /* Products */ = {
			isa = PBXGroup;
			children = (
				6F3952941D4731AB003BDB03 /* Yumo.app */,
			);
			name = Products;
			sourceTree = "<group>";
		};
		6F3952961D4731AB003BDB03 /* Yumo */ = {
			isa = PBXGroup;
			children = (
				6F3952971D4731AB003BDB03 /* AppDelegate.swift */,
				6F3952991D4731AB003BDB03 /* ViewController.swift */,
				6F3952A91D4732EE003BDB03 /* TutorialPageViewController.swift */,
				6F39529B1D4731AB003BDB03 /* Main.storyboard */,
				6F39529E1D4731AB003BDB03 /* Assets.xcassets */,
				6F3952A01D4731AB003BDB03 /* LaunchScreen.storyboard */,
				6F3952A31D4731AB003BDB03 /* Info.plist */,
				6F3952D11D47666A003BDB03 /* PageControl.swift */,
			);
			path = Yumo;
			sourceTree = "<group>";
		};
/* End PBXGroup section */

/* Begin PBXNativeTarget section */
		6F3952931D4731AA003BDB03 /* Yumo */ = {
			isa = PBXNativeTarget;
			buildConfigurationList = 6F3952A61D4731AB003BDB03 /* Build configuration list for PBXNativeTarget "Yumo" */;
			buildPhases = (
				6F3952901D4731AA003BDB03 /* Sources */,
				6F3952911D4731AA003BDB03 /* Frameworks */,
				6F3952921D4731AA003BDB03 /* Resources */,
			);
			buildRules = (
			);
			dependencies = (
			);
			name = Yumo;
			productName = Yumo;
			productReference = 6F3952941D4731AB003BDB03 /* Yumo.app */;
			productType = "com.apple.product-type.application";
		};
/* End PBXNativeTarget section */

/* Begin PBXProject section */
		6F39528C1D4731AA003BDB03 /* Project object */ = {
			isa = PBXProject;
			attributes = {
				LastSwiftUpdateCheck = 0730;
				LastUpgradeCheck = 0730;
				ORGANIZATIONNAME = "Andrew Ng";
				TargetAttributes = {
					6F3952931D4731AA003BDB03 = {
						CreatedOnToolsVersion = 7.3.1;
					};
				};
			};
			buildConfigurationList = 6F39528F1D4731AA003BDB03 /* Build configuration list for PBXProject "Yumo" */;
			compatibilityVersion = "Xcode 3.2";
			developmentRegion = English;
			hasScannedForEncodings = 0;
			knownRegions = (
				en,
				Base,
			);
			mainGroup = 6F39528B1D4731AA003BDB03;
			productRefGroup = 6F3952951D4731AB003BDB03 /* Products */;
			projectDirPath = "";
			projectRoot = "";
			targets = (
				6F3952931D4731AA003BDB03 /* Yumo */,
			);
		};
/* End PBXProject section */

/* Begin PBXResourcesBuildPhase section */
		6F3952921D4731AA003BDB03 /* Resources */ = {
			isa = PBXResourcesBuildPhase;
			buildActionMask = 2147483647;
			files = (
				6F3952A21D4731AB003BDB03 /* LaunchScreen.storyboard in Resources */,
				6F39529F1D4731AB003BDB03 /* Assets.xcassets in Resources */,
				6F39529D1D4731AB003BDB03 /* Main.storyboard in Resources */,
			);
			runOnlyForDeploymentPostprocessing = 0;
		};
/* End PBXResourcesBuildPhase section */

/* Begin PBXSourcesBuildPhase section */
		6F3952901D4731AA003BDB03 /* Sources */ = {
			isa = PBXSourcesBuildPhase;
			buildActionMask = 2147483647;
			files = (
				6F39529A1D4731AB003BDB03 /* ViewController.swift in Sources */,
				6F3952981D4731AB003BDB03 /* AppDelegate.swift in Sources */,
				6F3952D21D47666A003BDB03 /* PageControl.swift in Sources */,
				6F3952AA1D4732EE003BDB03 /* TutorialPageViewController.swift in Sources */,
			);
			runOnlyForDeploymentPostprocessing = 0;
		};
/* End PBXSourcesBuildPhase section */

/* Begin PBXVariantGroup section */
		6F39529B1D4731AB003BDB03 /* Main.storyboard */ = {
			isa = PBXVariantGroup;
			children = (
				6F39529C1D4731AB003BDB03 /* Base */,
			);
			name = Main.storyboard;
			sourceTree = "<group>";
		};
		6F3952A01D4731AB003BDB03 /* LaunchScreen.storyboard */ = {
			isa = PBXVariantGroup;
			children = (
				6F3952A11D4731AB003BDB03 /* Base */,
			);
			name = LaunchScreen.storyboard;
			sourceTree = "<group>";
		};
/* End PBXVariantGroup section */

/* Begin XCBuildConfiguration section */
		6F3952A41D4731AB003BDB03 /* Debug */ = {
			isa = XCBuildConfiguration;
			buildSettings = {
				ALWAYS_SEARCH_USER_PATHS = NO;
				CLANG_ANALYZER_NONNULL = YES;
				CLANG_CXX_LANGUAGE_STANDARD = "gnu++0x";
				CLANG_CXX_LIBRARY = "libc++";
				CLANG_ENABLE_MODULES = YES;
				CLANG_ENABLE_OBJC_ARC = YES;
				CLANG_WARN_BOOL_CONVERSION = YES;
				CLANG_WARN_CONSTANT_CONVERSION = YES;
				CLANG_WARN_DIRECT_OBJC_ISA_USAGE = YES_ERROR;
				CLANG_WARN_EMPTY_BODY = YES;
				CLANG_WARN_ENUM_CONVERSION = YES;
				CLANG_WARN_INT_CONVERSION = YES;
				CLANG_WARN_OBJC_ROOT_CLASS = YES_ERROR;
				CLANG_WARN_UNREACHABLE_CODE = YES;
				CLANG_WARN__DUPLICATE_METHOD_MATCH = YES;
				"CODE_SIGN_IDENTITY[sdk=iphoneos*]" = "iPhone Developer";
				COPY_PHASE_STRIP = NO;
				DEBUG_INFORMATION_FORMAT = dwarf;
				ENABLE_STRICT_OBJC_MSGSEND = YES;
				ENABLE_TESTABILITY = YES;
				GCC_C_LANGUAGE_STANDARD = gnu99;
				GCC_DYNAMIC_NO_PIC = NO;
				GCC_NO_COMMON_BLOCKS = YES;
				GCC_OPTIMIZATION_LEVEL = 0;
				GCC_PREPROCESSOR_DEFINITIONS = (
					"DEBUG=1",
					"$(inherited)",
				);
				GCC_WARN_64_TO_32_BIT_CONVERSION = YES;
				GCC_WARN_ABOUT_RETURN_TYPE = YES_ERROR;
				GCC_WARN_UNDECLARED_SELECTOR = YES;
				GCC_WARN_UNINITIALIZED_AUTOS = YES_AGGRESSIVE;
				GCC_WARN_UNUSED_FUNCTION = YES;
				GCC_WARN_UNUSED_VARIABLE = YES;
				IPHONEOS_DEPLOYMENT_TARGET = 9.3;
				MTL_ENABLE_DEBUG_INFO = YES;
				ONLY_ACTIVE_ARCH = YES;
				SDKROOT = iphoneos;
				SWIFT_OPTIMIZATION_LEVEL = "-Onone";
			};
			name = Debug;
		};
		6F3952A51D4731AB003BDB03 /* Release */ = {
			isa = XCBuildConfiguration;
			buildSettings = {
				ALWAYS_SEARCH_USER_PATHS = NO;
				CLANG_ANALYZER_NONNULL = YES;
				CLANG_CXX_LANGUAGE_STANDARD = "gnu++0x";
				CLANG_CXX_LIBRARY = "libc++";
				CLANG_ENABLE_MODULES = YES;
				CLANG_ENABLE_OBJC_ARC = YES;
				CLANG_WARN_BOOL_CONVERSION = YES;
				CLANG_WARN_CONSTANT_CONVERSION = YES;
				CLANG_WARN_DIRECT_OBJC_ISA_USAGE = YES_ERROR;
				CLANG_WARN_EMPTY_BODY = YES;
				CLANG_WARN_ENUM_CONVERSION = YES;
				CLANG_WARN_INT_CONVERSION = YES;
				CLANG_WARN_OBJC_ROOT_CLASS = YES_ERROR;
				CLANG_WARN_UNREACHABLE_CODE = YES;
				CLANG_WARN__DUPLICATE_METHOD_MATCH = YES;
				"CODE_SIGN_IDENTITY[sdk=iphoneos*]" = "iPhone Developer";
				COPY_PHASE_STRIP = NO;
				DEBUG_INFORMATION_FORMAT = "dwarf-with-dsym";
				ENABLE_NS_ASSERTIONS = NO;
				ENABLE_STRICT_OBJC_MSGSEND = YES;
				GCC_C_LANGUAGE_STANDARD = gnu99;
				GCC_NO_COMMON_BLOCKS = YES;
				GCC_WARN_64_TO_32_BIT_CONVERSION = YES;
				GCC_WARN_ABOUT_RETURN_TYPE = YES_ERROR;
				GCC_WARN_UNDECLARED_SELECTOR = YES;
				GCC_WARN_UNINITIALIZED_AUTOS = YES_AGGRESSIVE;
				GCC_WARN_UNUSED_FUNCTION = YES;
				GCC_WARN_UNUSED_VARIABLE = YES;
				IPHONEOS_DEPLOYMENT_TARGET = 9.3;
				MTL_ENABLE_DEBUG_INFO = NO;
				SDKROOT = iphoneos;
				VALIDATE_PRODUCT = YES;
			};
			name = Release;
		};
		6F3952A71D4731AB003BDB03 /* Debug */ = {
			isa = XCBuildConfiguration;
			buildSettings = {
				ASSETCATALOG_COMPILER_APPICON_NAME = AppIcon;
				INFOPLIST_FILE = Yumo/Info.plist;
				LD_RUNPATH_SEARCH_PATHS = "$(inherited) @executable_path/Frameworks";
				PRODUCT_BUNDLE_IDENTIFIER = com.AndrewNg.Yumo;
				PRODUCT_NAME = "$(TARGET_NAME)";
			};
			name = Debug;
		};
		6F3952A81D4731AB003BDB03 /* Release */ = {
			isa = XCBuildConfiguration;
			buildSettings = {
				ASSETCATALOG_COMPILER_APPICON_NAME = AppIcon;
				INFOPLIST_FILE = Yumo/Info.plist;
				LD_RUNPATH_SEARCH_PATHS = "$(inherited) @executable_path/Frameworks";
				PRODUCT_BUNDLE_IDENTIFIER = com.AndrewNg.Yumo;
				PRODUCT_NAME = "$(TARGET_NAME)";
			};
			name = Release;
		};
/* End XCBuildConfiguration section */

/* Begin XCConfigurationList section */
		6F39528F1D4731AA003BDB03 /* Build configuration list for PBXProject "Yumo" */ = {
			isa = XCConfigurationList;
			buildConfigurations = (
				6F3952A41D4731AB003BDB03 /* Debug */,
				6F3952A51D4731AB003BDB03 /* Release */,
			);
			defaultConfigurationIsVisible = 0;
			defaultConfigurationName = Release;
		};
		6F3952A61D4731AB003BDB03 /* Build configuration list for PBXNativeTarget "Yumo" */ = {
			isa = XCConfigurationList;
			buildConfigurations = (
				6F3952A71D4731AB003BDB03 /* Debug */,
				6F3952A81D4731AB003BDB03 /* Release */,
			);
			defaultConfigurationIsVisible = 0;
		};
/* End XCConfigurationList section */
	};
	rootObject = 6F39528C1D4731AA003BDB03 /* Project object */;
}
